
Microsoft Visual Studio Solution File, Format Version 12.00
# Visual Studio Version 16
VisualStudioVersion = 16.0.28803.202
MinimumVisualStudioVersion = 10.0.40219.1
Project("{2150E333-8FDC-42A3-9474-1A3956D46DE8}") = "api", "api", "{D21FB685-A47B-431A-BFF9-04D7BF02D37B}"
EndProject
Project("{2150E333-8FDC-42A3-9474-1A3956D46DE8}") = "src", "src", "{FD7B46D2-BCFB-44EB-906D-9710BAEEECA6}"
EndProject
Project("{2150E333-8FDC-42A3-9474-1A3956D46DE8}") = "0 - Common", "0 - Common", "{52968E06-0957-46F9-8262-2F8F0179FB99}"
EndProject
Project("{2150E333-8FDC-42A3-9474-1A3956D46DE8}") = "1 - Infra", "1 - Infra", "{606590AC-47E1-494A-B858-C882FF0F4B4C}"
EndProject
Project("{2150E333-8FDC-42A3-9474-1A3956D46DE8}") = "1.1 - CrossCutting", "1.1 - CrossCutting", "{BDDD3D25-9D27-4B2C-B285-3FCAA4A234B0}"
EndProject
Project("{2150E333-8FDC-42A3-9474-1A3956D46DE8}") = "1.1.1 - Identity", "1.1.1 - Identity", "{8803A2E9-DA09-485D-8CF7-9026AC5084C1}"
EndProject
Project("{2150E333-8FDC-42A3-9474-1A3956D46DE8}") = "1.1.2 - JWT", "1.1.2 - JWT", "{772E713D-B8FD-4D59-B5DA-61DC1AE0F3B1}"
EndProject
Project("{9A19103F-16F7-4668-BE54-9A1E7A4F7556}") = "Tango", "src\backend\Tango\Tango\Tango.csproj", "{35AB39C8-8395-4FA0-B334-E1023ECBE9D7}"
EndProject
Project("{2150E333-8FDC-42A3-9474-1A3956D46DE8}") = "3 - Administrações", "3 - Administrações", "{2A8535F3-55A3-46F0-9405-73D4C74CA56E}"
EndProject
Project("{2150E333-8FDC-42A3-9474-1A3956D46DE8}") = "1.1.3 - Infrastructure", "1.1.3 - Infrastructure", "{3EFF6676-1D25-432A-9B22-E8A7177C0DB0}"
EndProject
Project("{2150E333-8FDC-42A3-9474-1A3956D46DE8}") = "2.1 - Usuários, Grupos e  Permissões", "2.1 - Usuários, Grupos e  Permissões", "{7ADC06D7-6B81-470F-A138-855C8D816507}"
EndProject
Project("{2150E333-8FDC-42A3-9474-1A3956D46DE8}") = "1.2 - EventSourcing", "1.2 - EventSourcing", "{D8BFEED2-ECF7-43F8-9160-AA65A54A2B86}"
EndProject
Project("{2150E333-8FDC-42A3-9474-1A3956D46DE8}") = "1.4 - Ensure", "1.4 - Ensure", "{4D483E49-8E55-4531-A845-3FD5D213BD6E}"
EndProject
Project("{2150E333-8FDC-42A3-9474-1A3956D46DE8}") = "2 - Domain", "2 - Domain", "{3563559A-F3BF-47E4-99CE-7C9B5E75DA67}"
EndProject
Project("{2150E333-8FDC-42A3-9474-1A3956D46DE8}") = "tests", "tests", "{E52491C6-3274-4A5F-A214-146BA1F1A6C3}"
EndProject
Project("{2150E333-8FDC-42A3-9474-1A3956D46DE8}") = "1.3 - Database", "1.3 - Database", "{3F6B3D90-9BC4-4307-8240-ACC3E8CB062B}"
EndProject
Project("{2150E333-8FDC-42A3-9474-1A3956D46DE8}") = "UnitTests", "UnitTests", "{D52EED58-AA9A-4273-A0D5-594814DD9DC9}"
EndProject
Project("{2150E333-8FDC-42A3-9474-1A3956D46DE8}") = "IntegrationTests", "IntegrationTests", "{4A351D87-F486-4483-A669-49D684D03EB5}"
EndProject
Project("{9A19103F-16F7-4668-BE54-9A1E7A4F7556}") = "Api", "src\backend\Api\Api.csproj", "{CABC2BB1-CDF2-4E4B-A5CF-845996E5B7EE}"
EndProject
Project("{9A19103F-16F7-4668-BE54-9A1E7A4F7556}") = "Core", "src\backend\Core\Core.csproj", "{78FAE06E-66CA-4DD1-ABC7-F45B4A274495}"
EndProject
Project("{9A19103F-16F7-4668-BE54-9A1E7A4F7556}") = "Infra.CrossCutting.Identity.Configurations", "src\backend\Infra.CrossCutting.Identity.Configurations\Infra.CrossCutting.Identity.Configurations.csproj", "{E8183A2F-8B52-444F-9818-1BE55F8EF599}"
EndProject
Project("{9A19103F-16F7-4668-BE54-9A1E7A4F7556}") = "Infra.CrossCutting.Identity", "src\backend\Infra.CrossCutting.Identity\Infra.CrossCutting.Identity.csproj", "{0B019BCD-E04B-4746-86D8-2A476F54DDAF}"
EndProject
Project("{9A19103F-16F7-4668-BE54-9A1E7A4F7556}") = "Infra.CrossCutting.Jwt", "src\backend\Infra.CrossCutting.Jwt\Infra.CrossCutting.Jwt.csproj", "{1E62DAFF-8538-4977-9F9D-700812188D68}"
EndProject
Project("{9A19103F-16F7-4668-BE54-9A1E7A4F7556}") = "Infra.CrossCutting.IoC", "src\backend\Infra.CrossCutting.IoC\Infra.CrossCutting.IoC.csproj", "{62FCB285-95DC-4914-8A7C-417ACE34FF3B}"
EndProject
Project("{9A19103F-16F7-4668-BE54-9A1E7A4F7556}") = "EventSourcing", "src\backend\EventSourcing\EventSourcing.csproj", "{085E0527-CEC4-496C-9910-EB5DB69DD55F}"
EndProject
Project("{9A19103F-16F7-4668-BE54-9A1E7A4F7556}") = "EventSourcing.EntityFramework.InMemory", "src\backend\EventSourcing.EntityFramework.InMemory\EventSourcing.EntityFramework.InMemory.csproj", "{1534C79E-016A-4AD4-BB4F-469ABFE1F569}"
EndProject
Project("{9A19103F-16F7-4668-BE54-9A1E7A4F7556}") = "EventSourcing.EntityFramework.PostgreSQL", "src\backend\EventSourcing.EntityFramework.PostgreSQL\EventSourcing.EntityFramework.PostgreSQL.csproj", "{CD192E35-8BDA-4B8B-BE19-ACE9A7E88E97}"
EndProject
Project("{9A19103F-16F7-4668-BE54-9A1E7A4F7556}") = "Infra.EntityFramework.InMemory", "src\backend\Infra.EntityFramework.InMemory\Infra.EntityFramework.InMemory.csproj", "{34485243-670B-423E-A4F0-E1867B2D6459}"
EndProject
Project("{9A19103F-16F7-4668-BE54-9A1E7A4F7556}") = "Infra.EntityFramework.PostgreSQL", "src\backend\Infra.EntityFramework.PostgreSQL\Infra.EntityFramework.PostgreSQL.csproj", "{ADBFAA3A-7272-4FDC-BF0B-968825277EDE}"
EndProject
Project("{9A19103F-16F7-4668-BE54-9A1E7A4F7556}") = "Infra.EntityFramework.UnitOfWork", "src\backend\Infra.EntityFramework.UnitOfWork\Infra.EntityFramework.UnitOfWork.csproj", "{38606154-2F52-462E-82D7-ED7ADCCBDF64}"
EndProject
Project("{9A19103F-16F7-4668-BE54-9A1E7A4F7556}") = "Migrate", "src\backend\Migrate\Migrate.csproj", "{C312E5F7-2FB8-446A-AF65-7C893A83A8E9}"
EndProject
Project("{9A19103F-16F7-4668-BE54-9A1E7A4F7556}") = "Domain", "src\backend\Domain\Domain.csproj", "{586C691A-518C-4409-9AEE-35D173202A46}"
EndProject
Project("{9A19103F-16F7-4668-BE54-9A1E7A4F7556}") = "AdministracaoUsuario.Domain", "src\backend\AdministracaoUsuario.Domain\AdministracaoUsuario.Domain.csproj", "{B0E20E44-0287-48F9-A0D5-4A7AFDF34571}"
EndProject
Project("{9A19103F-16F7-4668-BE54-9A1E7A4F7556}") = "AdministracaoUsuario.Infrastructure", "src\backend\AdministracaoUsuario.Infrastructure\AdministracaoUsuario.Infrastructure.csproj", "{0045C6B0-BD1B-4123-BE6D-CE93964900F0}"
EndProject
Project("{9A19103F-16F7-4668-BE54-9A1E7A4F7556}") = "AdministracaoUsuario.IoC", "src\backend\AdministracaoUsuario.IoC\AdministracaoUsuario.IoC.csproj", "{347909A9-7A7F-4AD1-928F-E083766E9E0B}"
EndProject
Project("{9A19103F-16F7-4668-BE54-9A1E7A4F7556}") = "Infra.CrossCutting.Bus", "src\backend\Infra.CrossCutting.Bus\Infra.CrossCutting.Bus.csproj", "{7E7E5B4C-BB95-4063-8689-D55BEDADBB83}"
EndProject
Project("{9A19103F-16F7-4668-BE54-9A1E7A4F7556}") = "Infra.EntityFramework.Extensions", "src\backend\Infra.CrossCutting.EntityFramework.Extensions\Infra.EntityFramework.Extensions.csproj", "{BA298E59-93B9-4659-89C6-F8ECE2921339}"
EndProject
Project("{E53339B2-1760-4266-BCC7-CA923CBCF16C}") = "docker-compose", "docker-compose.dcproj", "{AACF7B9F-4618-469E-A4BB-2D09DCF76810}"
EndProject
Project("{FAE04EC0-301F-11D3-BF4B-00C04F79EFBC}") = "EventSourcing.Database.MongoDb", "src\backend\EventSourcing.Database.MongoDb\EventSourcing.Database.MongoDb.csproj", "{A3FAED27-1FF3-4E41-B333-771CB0A110E2}"
EndProject
Global
	GlobalSection(SolutionConfigurationPlatforms) = preSolution
		Debug|Any CPU = Debug|Any CPU
		Release|Any CPU = Release|Any CPU
	EndGlobalSection
	GlobalSection(ProjectConfigurationPlatforms) = postSolution
		{35AB39C8-8395-4FA0-B334-E1023ECBE9D7}.Debug|Any CPU.ActiveCfg = Debug|Any CPU
		{35AB39C8-8395-4FA0-B334-E1023ECBE9D7}.Debug|Any CPU.Build.0 = Debug|Any CPU
		{35AB39C8-8395-4FA0-B334-E1023ECBE9D7}.Release|Any CPU.ActiveCfg = Release|Any CPU
		{35AB39C8-8395-4FA0-B334-E1023ECBE9D7}.Release|Any CPU.Build.0 = Release|Any CPU
		{CABC2BB1-CDF2-4E4B-A5CF-845996E5B7EE}.Debug|Any CPU.ActiveCfg = Debug|Any CPU
		{CABC2BB1-CDF2-4E4B-A5CF-845996E5B7EE}.Debug|Any CPU.Build.0 = Debug|Any CPU
		{CABC2BB1-CDF2-4E4B-A5CF-845996E5B7EE}.Release|Any CPU.ActiveCfg = Release|Any CPU
		{CABC2BB1-CDF2-4E4B-A5CF-845996E5B7EE}.Release|Any CPU.Build.0 = Release|Any CPU
		{78FAE06E-66CA-4DD1-ABC7-F45B4A274495}.Debug|Any CPU.ActiveCfg = Debug|Any CPU
		{78FAE06E-66CA-4DD1-ABC7-F45B4A274495}.Debug|Any CPU.Build.0 = Debug|Any CPU
		{78FAE06E-66CA-4DD1-ABC7-F45B4A274495}.Release|Any CPU.ActiveCfg = Release|Any CPU
		{78FAE06E-66CA-4DD1-ABC7-F45B4A274495}.Release|Any CPU.Build.0 = Release|Any CPU
		{E8183A2F-8B52-444F-9818-1BE55F8EF599}.Debug|Any CPU.ActiveCfg = Debug|Any CPU
		{E8183A2F-8B52-444F-9818-1BE55F8EF599}.Debug|Any CPU.Build.0 = Debug|Any CPU
		{E8183A2F-8B52-444F-9818-1BE55F8EF599}.Release|Any CPU.ActiveCfg = Release|Any CPU
		{E8183A2F-8B52-444F-9818-1BE55F8EF599}.Release|Any CPU.Build.0 = Release|Any CPU
		{0B019BCD-E04B-4746-86D8-2A476F54DDAF}.Debug|Any CPU.ActiveCfg = Debug|Any CPU
		{0B019BCD-E04B-4746-86D8-2A476F54DDAF}.Debug|Any CPU.Build.0 = Debug|Any CPU
		{0B019BCD-E04B-4746-86D8-2A476F54DDAF}.Release|Any CPU.ActiveCfg = Release|Any CPU
		{0B019BCD-E04B-4746-86D8-2A476F54DDAF}.Release|Any CPU.Build.0 = Release|Any CPU
		{1E62DAFF-8538-4977-9F9D-700812188D68}.Debug|Any CPU.ActiveCfg = Debug|Any CPU
		{1E62DAFF-8538-4977-9F9D-700812188D68}.Debug|Any CPU.Build.0 = Debug|Any CPU
		{1E62DAFF-8538-4977-9F9D-700812188D68}.Release|Any CPU.ActiveCfg = Release|Any CPU
		{1E62DAFF-8538-4977-9F9D-700812188D68}.Release|Any CPU.Build.0 = Release|Any CPU
		{62FCB285-95DC-4914-8A7C-417ACE34FF3B}.Debug|Any CPU.ActiveCfg = Debug|Any CPU
		{62FCB285-95DC-4914-8A7C-417ACE34FF3B}.Debug|Any CPU.Build.0 = Debug|Any CPU
		{62FCB285-95DC-4914-8A7C-417ACE34FF3B}.Release|Any CPU.ActiveCfg = Release|Any CPU
		{62FCB285-95DC-4914-8A7C-417ACE34FF3B}.Release|Any CPU.Build.0 = Release|Any CPU
		{085E0527-CEC4-496C-9910-EB5DB69DD55F}.Debug|Any CPU.ActiveCfg = Debug|Any CPU
		{085E0527-CEC4-496C-9910-EB5DB69DD55F}.Debug|Any CPU.Build.0 = Debug|Any CPU
		{085E0527-CEC4-496C-9910-EB5DB69DD55F}.Release|Any CPU.ActiveCfg = Release|Any CPU
		{085E0527-CEC4-496C-9910-EB5DB69DD55F}.Release|Any CPU.Build.0 = Release|Any CPU
		{1534C79E-016A-4AD4-BB4F-469ABFE1F569}.Debug|Any CPU.ActiveCfg = Debug|Any CPU
		{1534C79E-016A-4AD4-BB4F-469ABFE1F569}.Debug|Any CPU.Build.0 = Debug|Any CPU
		{1534C79E-016A-4AD4-BB4F-469ABFE1F569}.Release|Any CPU.ActiveCfg = Release|Any CPU
		{1534C79E-016A-4AD4-BB4F-469ABFE1F569}.Release|Any CPU.Build.0 = Release|Any CPU
		{CD192E35-8BDA-4B8B-BE19-ACE9A7E88E97}.Debug|Any CPU.ActiveCfg = Debug|Any CPU
		{CD192E35-8BDA-4B8B-BE19-ACE9A7E88E97}.Debug|Any CPU.Build.0 = Debug|Any CPU
		{CD192E35-8BDA-4B8B-BE19-ACE9A7E88E97}.Release|Any CPU.ActiveCfg = Release|Any CPU
		{CD192E35-8BDA-4B8B-BE19-ACE9A7E88E97}.Release|Any CPU.Build.0 = Release|Any CPU
		{34485243-670B-423E-A4F0-E1867B2D6459}.Debug|Any CPU.ActiveCfg = Debug|Any CPU
		{34485243-670B-423E-A4F0-E1867B2D6459}.Debug|Any CPU.Build.0 = Debug|Any CPU
		{34485243-670B-423E-A4F0-E1867B2D6459}.Release|Any CPU.ActiveCfg = Release|Any CPU
		{34485243-670B-423E-A4F0-E1867B2D6459}.Release|Any CPU.Build.0 = Release|Any CPU
		{ADBFAA3A-7272-4FDC-BF0B-968825277EDE}.Debug|Any CPU.ActiveCfg = Debug|Any CPU
		{ADBFAA3A-7272-4FDC-BF0B-968825277EDE}.Debug|Any CPU.Build.0 = Debug|Any CPU
		{ADBFAA3A-7272-4FDC-BF0B-968825277EDE}.Release|Any CPU.ActiveCfg = Release|Any CPU
		{ADBFAA3A-7272-4FDC-BF0B-968825277EDE}.Release|Any CPU.Build.0 = Release|Any CPU
		{38606154-2F52-462E-82D7-ED7ADCCBDF64}.Debug|Any CPU.ActiveCfg = Debug|Any CPU
		{38606154-2F52-462E-82D7-ED7ADCCBDF64}.Debug|Any CPU.Build.0 = Debug|Any CPU
		{38606154-2F52-462E-82D7-ED7ADCCBDF64}.Release|Any CPU.ActiveCfg = Release|Any CPU
		{38606154-2F52-462E-82D7-ED7ADCCBDF64}.Release|Any CPU.Build.0 = Release|Any CPU
		{C312E5F7-2FB8-446A-AF65-7C893A83A8E9}.Debug|Any CPU.ActiveCfg = Debug|Any CPU
		{C312E5F7-2FB8-446A-AF65-7C893A83A8E9}.Debug|Any CPU.Build.0 = Debug|Any CPU
		{C312E5F7-2FB8-446A-AF65-7C893A83A8E9}.Release|Any CPU.ActiveCfg = Release|Any CPU
		{C312E5F7-2FB8-446A-AF65-7C893A83A8E9}.Release|Any CPU.Build.0 = Release|Any CPU
		{586C691A-518C-4409-9AEE-35D173202A46}.Debug|Any CPU.ActiveCfg = Debug|Any CPU
		{586C691A-518C-4409-9AEE-35D173202A46}.Debug|Any CPU.Build.0 = Debug|Any CPU
		{586C691A-518C-4409-9AEE-35D173202A46}.Release|Any CPU.ActiveCfg = Release|Any CPU
		{586C691A-518C-4409-9AEE-35D173202A46}.Release|Any CPU.Build.0 = Release|Any CPU
		{B0E20E44-0287-48F9-A0D5-4A7AFDF34571}.Debug|Any CPU.ActiveCfg = Debug|Any CPU
		{B0E20E44-0287-48F9-A0D5-4A7AFDF34571}.Debug|Any CPU.Build.0 = Debug|Any CPU
		{B0E20E44-0287-48F9-A0D5-4A7AFDF34571}.Release|Any CPU.ActiveCfg = Release|Any CPU
		{B0E20E44-0287-48F9-A0D5-4A7AFDF34571}.Release|Any CPU.Build.0 = Release|Any CPU
		{0045C6B0-BD1B-4123-BE6D-CE93964900F0}.Debug|Any CPU.ActiveCfg = Debug|Any CPU
		{0045C6B0-BD1B-4123-BE6D-CE93964900F0}.Debug|Any CPU.Build.0 = Debug|Any CPU
		{0045C6B0-BD1B-4123-BE6D-CE93964900F0}.Release|Any CPU.ActiveCfg = Release|Any CPU
		{0045C6B0-BD1B-4123-BE6D-CE93964900F0}.Release|Any CPU.Build.0 = Release|Any CPU
		{347909A9-7A7F-4AD1-928F-E083766E9E0B}.Debug|Any CPU.ActiveCfg = Debug|Any CPU
		{347909A9-7A7F-4AD1-928F-E083766E9E0B}.Debug|Any CPU.Build.0 = Debug|Any CPU
		{347909A9-7A7F-4AD1-928F-E083766E9E0B}.Release|Any CPU.ActiveCfg = Release|Any CPU
		{347909A9-7A7F-4AD1-928F-E083766E9E0B}.Release|Any CPU.Build.0 = Release|Any CPU
		{7E7E5B4C-BB95-4063-8689-D55BEDADBB83}.Debug|Any CPU.ActiveCfg = Debug|Any CPU
		{7E7E5B4C-BB95-4063-8689-D55BEDADBB83}.Debug|Any CPU.Build.0 = Debug|Any CPU
		{7E7E5B4C-BB95-4063-8689-D55BEDADBB83}.Release|Any CPU.ActiveCfg = Release|Any CPU
		{7E7E5B4C-BB95-4063-8689-D55BEDADBB83}.Release|Any CPU.Build.0 = Release|Any CPU
		{BA298E59-93B9-4659-89C6-F8ECE2921339}.Debug|Any CPU.ActiveCfg = Debug|Any CPU
		{BA298E59-93B9-4659-89C6-F8ECE2921339}.Debug|Any CPU.Build.0 = Debug|Any CPU
		{BA298E59-93B9-4659-89C6-F8ECE2921339}.Release|Any CPU.ActiveCfg = Release|Any CPU
		{BA298E59-93B9-4659-89C6-F8ECE2921339}.Release|Any CPU.Build.0 = Release|Any CPU
		{AACF7B9F-4618-469E-A4BB-2D09DCF76810}.Debug|Any CPU.ActiveCfg = Debug|Any CPU
		{AACF7B9F-4618-469E-A4BB-2D09DCF76810}.Debug|Any CPU.Build.0 = Debug|Any CPU
		{AACF7B9F-4618-469E-A4BB-2D09DCF76810}.Release|Any CPU.ActiveCfg = Release|Any CPU
		{AACF7B9F-4618-469E-A4BB-2D09DCF76810}.Release|Any CPU.Build.0 = Release|Any CPU
		{A3FAED27-1FF3-4E41-B333-771CB0A110E2}.Debug|Any CPU.ActiveCfg = Debug|Any CPU
		{A3FAED27-1FF3-4E41-B333-771CB0A110E2}.Debug|Any CPU.Build.0 = Debug|Any CPU
		{A3FAED27-1FF3-4E41-B333-771CB0A110E2}.Release|Any CPU.ActiveCfg = Release|Any CPU
		{A3FAED27-1FF3-4E41-B333-771CB0A110E2}.Release|Any CPU.Build.0 = Release|Any CPU
	EndGlobalSection
	GlobalSection(SolutionProperties) = preSolution
		HideSolutionNode = FALSE
	EndGlobalSection
	GlobalSection(NestedProjects) = preSolution
		{52968E06-0957-46F9-8262-2F8F0179FB99} = {FD7B46D2-BCFB-44EB-906D-9710BAEEECA6}
		{606590AC-47E1-494A-B858-C882FF0F4B4C} = {FD7B46D2-BCFB-44EB-906D-9710BAEEECA6}
		{BDDD3D25-9D27-4B2C-B285-3FCAA4A234B0} = {606590AC-47E1-494A-B858-C882FF0F4B4C}
		{8803A2E9-DA09-485D-8CF7-9026AC5084C1} = {BDDD3D25-9D27-4B2C-B285-3FCAA4A234B0}
		{772E713D-B8FD-4D59-B5DA-61DC1AE0F3B1} = {BDDD3D25-9D27-4B2C-B285-3FCAA4A234B0}
		{35AB39C8-8395-4FA0-B334-E1023ECBE9D7} = {52968E06-0957-46F9-8262-2F8F0179FB99}
		{2A8535F3-55A3-46F0-9405-73D4C74CA56E} = {FD7B46D2-BCFB-44EB-906D-9710BAEEECA6}
		{3EFF6676-1D25-432A-9B22-E8A7177C0DB0} = {BDDD3D25-9D27-4B2C-B285-3FCAA4A234B0}
		{7ADC06D7-6B81-470F-A138-855C8D816507} = {2A8535F3-55A3-46F0-9405-73D4C74CA56E}
		{D8BFEED2-ECF7-43F8-9160-AA65A54A2B86} = {606590AC-47E1-494A-B858-C882FF0F4B4C}
		{4D483E49-8E55-4531-A845-3FD5D213BD6E} = {606590AC-47E1-494A-B858-C882FF0F4B4C}
		{3563559A-F3BF-47E4-99CE-7C9B5E75DA67} = {FD7B46D2-BCFB-44EB-906D-9710BAEEECA6}
		{3F6B3D90-9BC4-4307-8240-ACC3E8CB062B} = {606590AC-47E1-494A-B858-C882FF0F4B4C}
		{D52EED58-AA9A-4273-A0D5-594814DD9DC9} = {E52491C6-3274-4A5F-A214-146BA1F1A6C3}
		{4A351D87-F486-4483-A669-49D684D03EB5} = {E52491C6-3274-4A5F-A214-146BA1F1A6C3}
		{CABC2BB1-CDF2-4E4B-A5CF-845996E5B7EE} = {D21FB685-A47B-431A-BFF9-04D7BF02D37B}
		{78FAE06E-66CA-4DD1-ABC7-F45B4A274495} = {52968E06-0957-46F9-8262-2F8F0179FB99}
		{E8183A2F-8B52-444F-9818-1BE55F8EF599} = {8803A2E9-DA09-485D-8CF7-9026AC5084C1}
		{0B019BCD-E04B-4746-86D8-2A476F54DDAF} = {8803A2E9-DA09-485D-8CF7-9026AC5084C1}
		{1E62DAFF-8538-4977-9F9D-700812188D68} = {772E713D-B8FD-4D59-B5DA-61DC1AE0F3B1}
		{62FCB285-95DC-4914-8A7C-417ACE34FF3B} = {3EFF6676-1D25-432A-9B22-E8A7177C0DB0}
		{085E0527-CEC4-496C-9910-EB5DB69DD55F} = {D8BFEED2-ECF7-43F8-9160-AA65A54A2B86}
		{1534C79E-016A-4AD4-BB4F-469ABFE1F569} = {D8BFEED2-ECF7-43F8-9160-AA65A54A2B86}
		{CD192E35-8BDA-4B8B-BE19-ACE9A7E88E97} = {D8BFEED2-ECF7-43F8-9160-AA65A54A2B86}
		{34485243-670B-423E-A4F0-E1867B2D6459} = {3F6B3D90-9BC4-4307-8240-ACC3E8CB062B}
		{ADBFAA3A-7272-4FDC-BF0B-968825277EDE} = {3F6B3D90-9BC4-4307-8240-ACC3E8CB062B}
		{38606154-2F52-462E-82D7-ED7ADCCBDF64} = {3F6B3D90-9BC4-4307-8240-ACC3E8CB062B}
		{C312E5F7-2FB8-446A-AF65-7C893A83A8E9} = {4D483E49-8E55-4531-A845-3FD5D213BD6E}
		{586C691A-518C-4409-9AEE-35D173202A46} = {3563559A-F3BF-47E4-99CE-7C9B5E75DA67}
		{B0E20E44-0287-48F9-A0D5-4A7AFDF34571} = {7ADC06D7-6B81-470F-A138-855C8D816507}
		{0045C6B0-BD1B-4123-BE6D-CE93964900F0} = {7ADC06D7-6B81-470F-A138-855C8D816507}
		{347909A9-7A7F-4AD1-928F-E083766E9E0B} = {7ADC06D7-6B81-470F-A138-855C8D816507}
		{7E7E5B4C-BB95-4063-8689-D55BEDADBB83} = {3EFF6676-1D25-432A-9B22-E8A7177C0DB0}
		{BA298E59-93B9-4659-89C6-F8ECE2921339} = {3F6B3D90-9BC4-4307-8240-ACC3E8CB062B}
		{A3FAED27-1FF3-4E41-B333-771CB0A110E2} = {D8BFEED2-ECF7-43F8-9160-AA65A54A2B86}
	EndGlobalSection
	GlobalSection(ExtensibilityGlobals) = postSolution
		SolutionGuid = {59195E76-F87F-4592-AA14-4B69BE44F2A6}
	EndGlobalSection
EndGlobal
